
Microsoft Visual Studio Solution File, Format Version 12.00
# Visual Studio Version 17
VisualStudioVersion = 17.3.32929.385
MinimumVisualStudioVersion = 10.0.40219.1
Project("{FAE04EC0-301F-11D3-BF4B-00C04F79EFBC}") = "WinFormsApp1", "WinFormsApp1.csproj", "{FBBD4F1A-1FB6-4B26-9F08-6195B749C92D}"
EndProject
Global
	GlobalSection(SolutionConfigurationPlatforms) = preSolution
		Debug|Any CPU = Debug|Any CPU
		Release|Any CPU = Release|Any CPU
	EndGlobalSection
	GlobalSection(ProjectConfigurationPlatforms) = postSolution
		{FBBD4F1A-1FB6-4B26-9F08-6195B749C92D}.Debug|Any CPU.ActiveCfg = Debug|Any CPU
		{FBBD4F1A-1FB6-4B26-9F08-6195B749C92D}.Debug|Any CPU.Build.0 = Debug|Any CPU
		{FBBD4F1A-1FB6-4B26-9F08-6195B749C92D}.Release|Any CPU.ActiveCfg = Release|Any CPU
		{FBBD4F1A-1FB6-4B26-9F08-6195B749C92D}.Release|Any CPU.Build.0 = Release|Any CPU
	EndGlobalSection
	GlobalSection(SolutionProperties) = preSolution
		HideSolutionNode = FALSE
	EndGlobalSection
	GlobalSection(ExtensibilityGlobals) = postSolution
		SolutionGuid = {B0B95826-36B3-40D1-A1DE-5F3591434C81}
	EndGlobalSection
EndGlobal
